// !$*UTF8*$!
{
	archiveVersion = 1;
	classes = {
	};
	objectVersion = 50;
	objects = {

/* Begin PBXBuildFile section */
		9A7AD36E2643904100EC38D1 /* MovieTableViewCell.swift in Sources */ = {isa = PBXBuildFile; fileRef = 9A7AD36C2643904100EC38D1 /* MovieTableViewCell.swift */; };
		9A7AD36F2643904100EC38D1 /* MovieTableViewCell.xib in Resources */ = {isa = PBXBuildFile; fileRef = 9A7AD36D2643904100EC38D1 /* MovieTableViewCell.xib */; };
		9AB01ED32641983000B6E1EE /* AppDelegate.swift in Sources */ = {isa = PBXBuildFile; fileRef = 9AB01ED22641983000B6E1EE /* AppDelegate.swift */; };
		9AB01ED52641983000B6E1EE /* SceneDelegate.swift in Sources */ = {isa = PBXBuildFile; fileRef = 9AB01ED42641983000B6E1EE /* SceneDelegate.swift */; };
		9AB01ED72641983000B6E1EE /* ViewController.swift in Sources */ = {isa = PBXBuildFile; fileRef = 9AB01ED62641983000B6E1EE /* ViewController.swift */; };
		9AB01EDA2641983000B6E1EE /* Main.storyboard in Resources */ = {isa = PBXBuildFile; fileRef = 9AB01ED82641983000B6E1EE /* Main.storyboard */; };
		9AB01EDC2641983100B6E1EE /* Assets.xcassets in Resources */ = {isa = PBXBuildFile; fileRef = 9AB01EDB2641983100B6E1EE /* Assets.xcassets */; };
		9AB01EDF2641983100B6E1EE /* LaunchScreen.storyboard in Resources */ = {isa = PBXBuildFile; fileRef = 9AB01EDD2641983100B6E1EE /* LaunchScreen.storyboard */; };
/* End PBXBuildFile section */

/* Begin PBXFileReference section */
		9A7AD36C2643904100EC38D1 /* MovieTableViewCell.swift */ = {isa = PBXFileReference; lastKnownFileType = sourcecode.swift; name = MovieTableViewCell.swift; path = MovieSearcher/MovieSearch/MovieTableViewCell.swift; sourceTree = SOURCE_ROOT; };
		9A7AD36D2643904100EC38D1 /* MovieTableViewCell.xib */ = {isa = PBXFileReference; lastKnownFileType = file.xib; path = MovieTableViewCell.xib; sourceTree = "<group>"; };
		9AB01ECF2641983000B6E1EE /* MovieSearcher.app */ = {isa = PBXFileReference; explicitFileType = wrapper.application; includeInIndex = 0; path = MovieSearcher.app; sourceTree = BUILT_PRODUCTS_DIR; };
		9AB01ED22641983000B6E1EE /* AppDelegate.swift */ = {isa = PBXFileReference; lastKnownFileType = sourcecode.swift; name = AppDelegate.swift; path = MovieSearcher/AppDelegate.swift; sourceTree = SOURCE_ROOT; };
		9AB01ED42641983000B6E1EE /* SceneDelegate.swift */ = {isa = PBXFileReference; lastKnownFileType = sourcecode.swift; path = SceneDelegate.swift; sourceTree = "<group>"; };
		9AB01ED62641983000B6E1EE /* ViewController.swift */ = {isa = PBXFileReference; lastKnownFileType = sourcecode.swift; path = ViewController.swift; sourceTree = "<group>"; };
		9AB01ED92641983000B6E1EE /* Base */ = {isa = PBXFileReference; lastKnownFileType = file.storyboard; name = Base; path = Base.lproj/Main.storyboard; sourceTree = "<group>"; };
		9AB01EDB2641983100B6E1EE /* Assets.xcassets */ = {isa = PBXFileReference; lastKnownFileType = folder.assetcatalog; path = Assets.xcassets; sourceTree = "<group>"; };
		9AB01EDE2641983100B6E1EE /* Base */ = {isa = PBXFileReference; lastKnownFileType = file.storyboard; name = Base; path = Base.lproj/LaunchScreen.storyboard; sourceTree = "<group>"; };
		9AB01EE02641983100B6E1EE /* Info.plist */ = {isa = PBXFileReference; lastKnownFileType = text.plist.xml; path = Info.plist; sourceTree = "<group>"; };
/* End PBXFileReference section */

/* Begin PBXFrameworksBuildPhase section */
		9AB01ECC2641982F00B6E1EE /* Frameworks */ = {
			isa = PBXFrameworksBuildPhase;
			buildActionMask = 2147483647;
			files = (
			);
			runOnlyForDeploymentPostprocessing = 0;
		};
/* End PBXFrameworksBuildPhase section */

/* Begin PBXGroup section */
		9A411FFE26439384004D5A54 /* MovieSearch */ = {
			isa = PBXGroup;
			children = (
				9A7AD36D2643904100EC38D1 /* MovieTableViewCell.xib */,
				9A7AD36C2643904100EC38D1 /* MovieTableViewCell.swift */,
				9AB01ED62641983000B6E1EE /* ViewController.swift */,
			);
			path = MovieSearch;
			sourceTree = "<group>";
		};
		9AB01EC62641982F00B6E1EE = {
			isa = PBXGroup;
			children = (
				9AB01ED12641983000B6E1EE /* MovieSearcher */,
				9AB01ED02641983000B6E1EE /* Products */,
			);
			sourceTree = "<group>";
		};
		9AB01ED02641983000B6E1EE /* Products */ = {
			isa = PBXGroup;
			children = (
				9AB01ECF2641983000B6E1EE /* MovieSearcher.app */,
			);
			name = Products;
			sourceTree = "<group>";
		};
		9AB01ED12641983000B6E1EE /* MovieSearcher */ = {
			isa = PBXGroup;
			children = (
				9A411FFE26439384004D5A54 /* MovieSearch */,
				9AB01ED22641983000B6E1EE /* AppDelegate.swift */,
				9AB01ED42641983000B6E1EE /* SceneDelegate.swift */,
				9AB01ED82641983000B6E1EE /* Main.storyboard */,
				9AB01EDB2641983100B6E1EE /* Assets.xcassets */,
				9AB01EDD2641983100B6E1EE /* LaunchScreen.storyboard */,
				9AB01EE02641983100B6E1EE /* Info.plist */,
			);
			path = MovieSearcher;
			sourceTree = "<group>";
		};
/* End PBXGroup section */

/* Begin PBXNativeTarget section */
		9AB01ECE2641982F00B6E1EE /* MovieSearcher */ = {
			isa = PBXNativeTarget;
			buildConfigurationList = 9AB01EE32641983100B6E1EE /* Build configuration list for PBXNativeTarget "MovieSearcher" */;
			buildPhases = (
				9AB01ECB2641982F00B6E1EE /* Sources */,
				9AB01ECC2641982F00B6E1EE /* Frameworks */,
				9AB01ECD2641982F00B6E1EE /* Resources */,
			);
			buildRules = (
			);
			dependencies = (
			);
			name = MovieSearcher;
			packageProductDependencies = (
			);
			productName = MovieSearcher;
			productReference = 9AB01ECF2641983000B6E1EE /* MovieSearcher.app */;
			productType = "com.apple.product-type.application";
		};
/* End PBXNativeTarget section */

/* Begin PBXProject section */
		9AB01EC72641982F00B6E1EE /* Project object */ = {
			isa = PBXProject;
			attributes = {
				LastSwiftUpdateCheck = 1240;
				LastUpgradeCheck = 1240;
				TargetAttributes = {
					9AB01ECE2641982F00B6E1EE = {
						CreatedOnToolsVersion = 12.4;
					};
				};
			};
			buildConfigurationList = 9AB01ECA2641982F00B6E1EE /* Build configuration list for PBXProject "MovieSearcher" */;
			compatibilityVersion = "Xcode 9.3";
			developmentRegion = en;
			hasScannedForEncodings = 0;
			knownRegions = (
				en,
				Base,
			);
			mainGroup = 9AB01EC62641982F00B6E1EE;
			packageReferences = (
			);
			productRefGroup = 9AB01ED02641983000B6E1EE /* Products */;
			projectDirPath = "";
			projectRoot = "";
			targets = (
				9AB01ECE2641982F00B6E1EE /* MovieSearcher */,
			);
		};
/* End PBXProject section */

/* Begin PBXResourcesBuildPhase section */
		9AB01ECD2641982F00B6E1EE /* Resources */ = {
			isa = PBXResourcesBuildPhase;
			buildActionMask = 2147483647;
			files = (
				9AB01EDF2641983100B6E1EE /* LaunchScreen.storyboard in Resources */,
				9AB01EDC2641983100B6E1EE /* Assets.xcassets in Resources */,
				9A7AD36F2643904100EC38D1 /* MovieTableViewCell.xib in Resources */,
				9AB01EDA2641983000B6E1EE /* Main.storyboard in Resources */,
			);
			runOnlyForDeploymentPostprocessing = 0;
		};
/* End PBXResourcesBuildPhase section */

/* Begin PBXSourcesBuildPhase section */
		9AB01ECB2641982F00B6E1EE /* Sources */ = {
			isa = PBXSourcesBuildPhase;
			buildActionMask = 2147483647;
			files = (
				9AB01ED72641983000B6E1EE /* ViewController.swift in Sources */,
				9AB01ED32641983000B6E1EE /* AppDelegate.swift in Sources */,
				9A7AD36E2643904100EC38D1 /* MovieTableViewCell.swift in Sources */,
				9AB01ED52641983000B6E1EE /* SceneDelegate.swift in Sources */,
			);
			runOnlyForDeploymentPostprocessing = 0;
		};
/* End PBXSourcesBuildPhase section */

/* Begin PBXVariantGroup section */
		9AB01ED82641983000B6E1EE /* Main.storyboard */ = {
			isa = PBXVariantGroup;
			children = (
				9AB01ED92641983000B6E1EE /* Base */,
			);
			name = Main.storyboard;
			sourceTree = "<group>";
		};
		9AB01EDD2641983100B6E1EE /* LaunchScreen.storyboard */ = {
			isa = PBXVariantGroup;
			children = (
				9AB01EDE2641983100B6E1EE /* Base */,
			);
			name = LaunchScreen.storyboard;
			sourceTree = "<group>";
		};
/* End PBXVariantGroup section */

/* Begin XCBuildConfiguration section */
		9AB01EE12641983100B6E1EE /* Debug */ = {
			isa = XCBuildConfiguration;
			buildSettings = {
				ALWAYS_SEARCH_USER_PATHS = NO;
				CLANG_ANALYZER_NONNULL = YES;
				CLANG_ANALYZER_NUMBER_OBJECT_CONVERSION = YES_AGGRESSIVE;
				CLANG_CXX_LANGUAGE_STANDARD = "gnu++14";
				CLANG_CXX_LIBRARY = "libc++";
				CLANG_ENABLE_MODULES = YES;
				CLANG_ENABLE_OBJC_ARC = YES;
				CLANG_ENABLE_OBJC_WEAK = YES;
				CLANG_WARN_BLOCK_CAPTURE_AUTORELEASING = YES;
				CLANG_WARN_BOOL_CONVERSION = YES;
				CLANG_WARN_COMMA = YES;
				CLANG_WARN_CONSTANT_CONVERSION = YES;
				CLANG_WARN_DEPRECATED_OBJC_IMPLEMENTATIONS = YES;
				CLANG_WARN_DIRECT_OBJC_ISA_USAGE = YES_ERROR;
				CLANG_WARN_DOCUMENTATION_COMMENTS = YES;
				CLANG_WARN_EMPTY_BODY = YES;
				CLANG_WARN_ENUM_CONVERSION = YES;
				CLANG_WARN_INFINITE_RECURSION = YES;
				CLANG_WARN_INT_CONVERSION = YES;
				CLANG_WARN_NON_LITERAL_NULL_CONVERSION = YES;
				CLANG_WARN_OBJC_IMPLICIT_RETAIN_SELF = YES;
				CLANG_WARN_OBJC_LITERAL_CONVERSION = YES;
				CLANG_WARN_OBJC_ROOT_CLASS = YES_ERROR;
				CLANG_WARN_QUOTED_INCLUDE_IN_FRAMEWORK_HEADER = YES;
				CLANG_WARN_RANGE_LOOP_ANALYSIS = YES;
				CLANG_WARN_STRICT_PROTOTYPES = YES;
				CLANG_WARN_SUSPICIOUS_MOVE = YES;
				CLANG_WARN_UNGUARDED_AVAILABILITY = YES_AGGRESSIVE;
				CLANG_WARN_UNREACHABLE_CODE = YES;
				CLANG_WARN__DUPLICATE_METHOD_MATCH = YES;
				COPY_PHASE_STRIP = NO;
				DEBUG_INFORMATION_FORMAT = dwarf;
				ENABLE_STRICT_OBJC_MSGSEND = YES;
				ENABLE_TESTABILITY = YES;
				GCC_C_LANGUAGE_STANDARD = gnu11;
				GCC_DYNAMIC_NO_PIC = NO;
				GCC_NO_COMMON_BLOCKS = YES;
				GCC_OPTIMIZATION_LEVEL = 0;
				GCC_PREPROCESSOR_DEFINITIONS = (
					"DEBUG=1",
					"$(inherited)",
				);
				GCC_WARN_64_TO_32_BIT_CONVERSION = YES;
				GCC_WARN_ABOUT_RETURN_TYPE = YES_ERROR;
				GCC_WARN_UNDECLARED_SELECTOR = YES;
				GCC_WARN_UNINITIALIZED_AUTOS = YES_AGGRESSIVE;
				GCC_WARN_UNUSED_FUNCTION = YES;
				GCC_WARN_UNUSED_VARIABLE = YES;
				IPHONEOS_DEPLOYMENT_TARGET = 14.4;
				MTL_ENABLE_DEBUG_INFO = INCLUDE_SOURCE;
				MTL_FAST_MATH = YES;
				ONLY_ACTIVE_ARCH = YES;
				SDKROOT = iphoneos;
				SWIFT_ACTIVE_COMPILATION_CONDITIONS = DEBUG;
				SWIFT_OPTIMIZATION_LEVEL = "-Onone";
			};
			name = Debug;
		};
		9AB01EE22641983100B6E1EE /* Release */ = {
			isa = XCBuildConfiguration;
			buildSettings = {
				ALWAYS_SEARCH_USER_PATHS = NO;
				CLANG_ANALYZER_NONNULL = YES;
				CLANG_ANALYZER_NUMBER_OBJECT_CONVERSION = YES_AGGRESSIVE;
				CLANG_CXX_LANGUAGE_STANDARD = "gnu++14";
				CLANG_CXX_LIBRARY = "libc++";
				CLANG_ENABLE_MODULES = YES;
				CLANG_ENABLE_OBJC_ARC = YES;
				CLANG_ENABLE_OBJC_WEAK = YES;
				CLANG_WARN_BLOCK_CAPTURE_AUTORELEASING = YES;
				CLANG_WARN_BOOL_CONVERSION = YES;
				CLANG_WARN_COMMA = YES;
				CLANG_WARN_CONSTANT_CONVERSION = YES;
				CLANG_WARN_DEPRECATED_OBJC_IMPLEMENTATIONS = YES;
				CLANG_WARN_DIRECT_OBJC_ISA_USAGE = YES_ERROR;
				CLANG_WARN_DOCUMENTATION_COMMENTS = YES;
				CLANG_WARN_EMPTY_BODY = YES;
				CLANG_WARN_ENUM_CONVERSION = YES;
				CLANG_WARN_INFINITE_RECURSION = YES;
				CLANG_WARN_INT_CONVERSION = YES;
				CLANG_WARN_NON_LITERAL_NULL_CONVERSION = YES;
				CLANG_WARN_OBJC_IMPLICIT_RETAIN_SELF = YES;
				CLANG_WARN_OBJC_LITERAL_CONVERSION = YES;
				CLANG_WARN_OBJC_ROOT_CLASS = YES_ERROR;
				CLANG_WARN_QUOTED_INCLUDE_IN_FRAMEWORK_HEADER = YES;
				CLANG_WARN_RANGE_LOOP_ANALYSIS = YES;
				CLANG_WARN_STRICT_PROTOTYPES = YES;
				CLANG_WARN_SUSPICIOUS_MOVE = YES;
				CLANG_WARN_UNGUARDED_AVAILABILITY = YES_AGGRESSIVE;
				CLANG_WARN_UNREACHABLE_CODE = YES;
				CLANG_WARN__DUPLICATE_METHOD_MATCH = YES;
				COPY_PHASE_STRIP = NO;
				DEBUG_INFORMATION_FORMAT = "dwarf-with-dsym";
				ENABLE_NS_ASSERTIONS = NO;
				ENABLE_STRICT_OBJC_MSGSEND = YES;
				GCC_C_LANGUAGE_STANDARD = gnu11;
				GCC_NO_COMMON_BLOCKS = YES;
				GCC_WARN_64_TO_32_BIT_CONVERSION = YES;
				GCC_WARN_ABOUT_RETURN_TYPE = YES_ERROR;
				GCC_WARN_UNDECLARED_SELECTOR = YES;
				GCC_WARN_UNINITIALIZED_AUTOS = YES_AGGRESSIVE;
				GCC_WARN_UNUSED_FUNCTION = YES;
				GCC_WARN_UNUSED_VARIABLE = YES;
				IPHONEOS_DEPLOYMENT_TARGET = 14.4;
				MTL_ENABLE_DEBUG_INFO = NO;
				MTL_FAST_MATH = YES;
				SDKROOT = iphoneos;
				SWIFT_COMPILATION_MODE = wholemodule;
				SWIFT_OPTIMIZATION_LEVEL = "-O";
				VALIDATE_PRODUCT = YES;
			};
			name = Release;
		};
		9AB01EE42641983100B6E1EE /* Debug */ = {
			isa = XCBuildConfiguration;
			buildSettings = {
				ASSETCATALOG_COMPILER_APPICON_NAME = AppIcon;
				ASSETCATALOG_COMPILER_GLOBAL_ACCENT_COLOR_NAME = AccentColor;
				CODE_SIGN_STYLE = Automatic;
				DEVELOPMENT_TEAM = ZJSF84DFFP;
				INFOPLIST_FILE = MovieSearcher/Info.plist;
				LD_RUNPATH_SEARCH_PATHS = (
					"$(inherited)",
					"@executable_path/Frameworks",
				);
				PRODUCT_BUNDLE_IDENTIFIER = com.homework1.MovieSearcher;
				PRODUCT_NAME = "$(TARGET_NAME)";
				SWIFT_VERSION = 5.0;
				TARGETED_DEVICE_FAMILY = "1,2";
			};
			name = Debug;
		};
		9AB01EE52641983100B6E1EE /* Release */ = {
			isa = XCBuildConfiguration;
			buildSettings = {
				ASSETCATALOG_COMPILER_APPICON_NAME = AppIcon;
				ASSETCATALOG_COMPILER_GLOBAL_ACCENT_COLOR_NAME = AccentColor;
				CODE_SIGN_STYLE = Automatic;
				DEVELOPMENT_TEAM = ZJSF84DFFP;
				INFOPLIST_FILE = MovieSearcher/Info.plist;
				LD_RUNPATH_SEARCH_PATHS = (
					"$(inherited)",
					"@executable_path/Frameworks",
				);
				PRODUCT_BUNDLE_IDENTIFIER = com.homework1.MovieSearcher;
				PRODUCT_NAME = "$(TARGET_NAME)";
				SWIFT_VERSION = 5.0;
				TARGETED_DEVICE_FAMILY = "1,2";
			};
			name = Release;
		};
/* End XCBuildConfiguration section */

/* Begin XCConfigurationList section */
		9AB01ECA2641982F00B6E1EE /* Build configuration list for PBXProject "MovieSearcher" */ = {
			isa = XCConfigurationList;
			buildConfigurations = (
				9AB01EE12641983100B6E1EE /* Debug */,
				9AB01EE22641983100B6E1EE /* Release */,
			);
			defaultConfigurationIsVisible = 0;
			defaultConfigurationName = Release;
		};
		9AB01EE32641983100B6E1EE /* Build configuration list for PBXNativeTarget "MovieSearcher" */ = {
			isa = XCConfigurationList;
			buildConfigurations = (
				9AB01EE42641983100B6E1EE /* Debug */,
				9AB01EE52641983100B6E1EE /* Release */,
			);
			defaultConfigurationIsVisible = 0;
			defaultConfigurationName = Release;
		};
/* End XCConfigurationList section */
	};
	rootObject = 9AB01EC72641982F00B6E1EE /* Project object */;
}
